
Microsoft Visual Studio Solution File, Format Version 12.00
# Visual Studio Version 17
VisualStudioVersion = 17.14.36414.22
MinimumVisualStudioVersion = 10.0.40219.1
Project("{FAE04EC0-301F-11D3-BF4B-00C04F79EFBC}") = "Songes_Pour_Les_Noobs", "Songes_Pour_Les_Noobs\Songes_Pour_Les_Noobs.csproj", "{75672CFC-FA2A-47EA-98A0-333C155C0220}"
EndProject
Global
	GlobalSection(SolutionConfigurationPlatforms) = preSolution
		Debug|Any CPU = Debug|Any CPU
		Release|Any CPU = Release|Any CPU
	EndGlobalSection
	GlobalSection(ProjectConfigurationPlatforms) = postSolution
		{75672CFC-FA2A-47EA-98A0-333C155C0220}.Debug|Any CPU.ActiveCfg = Debug|Any CPU
		{75672CFC-FA2A-47EA-98A0-333C155C0220}.Debug|Any CPU.Build.0 = Debug|Any CPU
		{75672CFC-FA2A-47EA-98A0-333C155C0220}.Release|Any CPU.ActiveCfg = Release|Any CPU
		{75672CFC-FA2A-47EA-98A0-333C155C0220}.Release|Any CPU.Build.0 = Release|Any CPU
	EndGlobalSection
	GlobalSection(SolutionProperties) = preSolution
		HideSolutionNode = FALSE
	EndGlobalSection
	GlobalSection(ExtensibilityGlobals) = postSolution
		SolutionGuid = {F914B49A-230B-46AD-9137-7ED2FECD3E13}
	EndGlobalSection
EndGlobal
